
Microsoft Visual Studio Solution File, Format Version 12.00
# Visual Studio Version 17
VisualStudioVersion = 17.2.32616.157
MinimumVisualStudioVersion = 10.0.40219.1
Project("{8BC9CEB8-8B4A-11D0-8D11-00A0C91BC942}") = "Jeweled", "Jeweled\Jeweled.vcxproj", "{66613C7A-40B0-4671-BB27-7BFC16EB4952}"
EndProject
Global
	GlobalSection(SolutionConfigurationPlatforms) = preSolution
		Debug|Win32 = Debug|Win32
		Debug|x64 = Debug|x64
		Release|Win32 = Release|Win32
		Release|x64 = Release|x64
	EndGlobalSection
	GlobalSection(ProjectConfigurationPlatforms) = postSolution
		{66613C7A-40B0-4671-BB27-7BFC16EB4952}.Debug|Win32.ActiveCfg = Debug|Win32
		{66613C7A-40B0-4671-BB27-7BFC16EB4952}.Debug|Win32.Build.0 = Debug|Win32
		{66613C7A-40B0-4671-BB27-7BFC16EB4952}.Debug|x64.ActiveCfg = Debug|x64
		{66613C7A-40B0-4671-BB27-7BFC16EB4952}.Debug|x64.Build.0 = Debug|x64
		{66613C7A-40B0-4671-BB27-7BFC16EB4952}.Release|Win32.ActiveCfg = Release|Win32
		{66613C7A-40B0-4671-BB27-7BFC16EB4952}.Release|Win32.Build.0 = Release|Win32
		{66613C7A-40B0-4671-BB27-7BFC16EB4952}.Release|x64.ActiveCfg = Release|x64
		{66613C7A-40B0-4671-BB27-7BFC16EB4952}.Release|x64.Build.0 = Release|x64
	EndGlobalSection
	GlobalSection(SolutionProperties) = preSolution
		HideSolutionNode = FALSE
	EndGlobalSection
	GlobalSection(ExtensibilityGlobals) = postSolution
		SolutionGuid = {B25689B6-4B45-4B87-B2B7-4C58A55BC4A8}
	EndGlobalSection
EndGlobal
